# This file is generated by running "yarn install" inside your project.
# Manual changes might be lost - proceed with caution!

__metadata:
  version: 8
  cacheKey: 10

"@adraffy/ens-normalize@npm:^1.10.1":
  version: 1.11.0
  resolution: "@adraffy/ens-normalize@npm:1.11.0"
  checksum: 10/abef75f21470ea43dd6071168e092d2d13e38067e349e76186c78838ae174a46c3e18ca50921d05bea6ec3203074147c9e271f8cb6531d1c2c0e146f3199ddcb
  languageName: node
  linkType: hard

"@emnapi/runtime@npm:^1.2.0":
  version: 1.3.1
  resolution: "@emnapi/runtime@npm:1.3.1"
  dependencies:
    tslib: "npm:^2.4.0"
  checksum: 10/619915ee44682356f77f60455025e667b0b04ad3c95ced36c03782aea9ebc066fa73e86c4a59d221177eba5e5533d40b3a6dbff4e58ee5d81db4270185c21e22
  languageName: node
  linkType: hard

"@img/sharp-darwin-arm64@npm:0.33.5":
  version: 0.33.5
  resolution: "@img/sharp-darwin-arm64@npm:0.33.5"
  dependencies:
    "@img/sharp-libvips-darwin-arm64": "npm:1.0.4"
  dependenciesMeta:
    "@img/sharp-libvips-darwin-arm64":
      optional: true
  conditions: os=darwin & cpu=arm64
  languageName: node
  linkType: hard

"@img/sharp-darwin-x64@npm:0.33.5":
  version: 0.33.5
  resolution: "@img/sharp-darwin-x64@npm:0.33.5"
  dependencies:
    "@img/sharp-libvips-darwin-x64": "npm:1.0.4"
  dependenciesMeta:
    "@img/sharp-libvips-darwin-x64":
      optional: true
  conditions: os=darwin & cpu=x64
  languageName: node
  linkType: hard

"@img/sharp-libvips-darwin-arm64@npm:1.0.4":
  version: 1.0.4
  resolution: "@img/sharp-libvips-darwin-arm64@npm:1.0.4"
  conditions: os=darwin & cpu=arm64
  languageName: node
  linkType: hard

"@img/sharp-libvips-darwin-x64@npm:1.0.4":
  version: 1.0.4
  resolution: "@img/sharp-libvips-darwin-x64@npm:1.0.4"
  conditions: os=darwin & cpu=x64
  languageName: node
  linkType: hard

"@img/sharp-libvips-linux-arm64@npm:1.0.4":
  version: 1.0.4
  resolution: "@img/sharp-libvips-linux-arm64@npm:1.0.4"
  conditions: os=linux & cpu=arm64 & libc=glibc
  languageName: node
  linkType: hard

"@img/sharp-libvips-linux-arm@npm:1.0.5":
  version: 1.0.5
  resolution: "@img/sharp-libvips-linux-arm@npm:1.0.5"
  conditions: os=linux & cpu=arm & libc=glibc
  languageName: node
  linkType: hard

"@img/sharp-libvips-linux-s390x@npm:1.0.4":
  version: 1.0.4
  resolution: "@img/sharp-libvips-linux-s390x@npm:1.0.4"
  conditions: os=linux & cpu=s390x & libc=glibc
  languageName: node
  linkType: hard

"@img/sharp-libvips-linux-x64@npm:1.0.4":
  version: 1.0.4
  resolution: "@img/sharp-libvips-linux-x64@npm:1.0.4"
  conditions: os=linux & cpu=x64 & libc=glibc
  languageName: node
  linkType: hard

"@img/sharp-libvips-linuxmusl-arm64@npm:1.0.4":
  version: 1.0.4
  resolution: "@img/sharp-libvips-linuxmusl-arm64@npm:1.0.4"
  conditions: os=linux & cpu=arm64 & libc=musl
  languageName: node
  linkType: hard

"@img/sharp-libvips-linuxmusl-x64@npm:1.0.4":
  version: 1.0.4
  resolution: "@img/sharp-libvips-linuxmusl-x64@npm:1.0.4"
  conditions: os=linux & cpu=x64 & libc=musl
  languageName: node
  linkType: hard

"@img/sharp-linux-arm64@npm:0.33.5":
  version: 0.33.5
  resolution: "@img/sharp-linux-arm64@npm:0.33.5"
  dependencies:
    "@img/sharp-libvips-linux-arm64": "npm:1.0.4"
  dependenciesMeta:
    "@img/sharp-libvips-linux-arm64":
      optional: true
  conditions: os=linux & cpu=arm64 & libc=glibc
  languageName: node
  linkType: hard

"@img/sharp-linux-arm@npm:0.33.5":
  version: 0.33.5
  resolution: "@img/sharp-linux-arm@npm:0.33.5"
  dependencies:
    "@img/sharp-libvips-linux-arm": "npm:1.0.5"
  dependenciesMeta:
    "@img/sharp-libvips-linux-arm":
      optional: true
  conditions: os=linux & cpu=arm & libc=glibc
  languageName: node
  linkType: hard

"@img/sharp-linux-s390x@npm:0.33.5":
  version: 0.33.5
  resolution: "@img/sharp-linux-s390x@npm:0.33.5"
  dependencies:
    "@img/sharp-libvips-linux-s390x": "npm:1.0.4"
  dependenciesMeta:
    "@img/sharp-libvips-linux-s390x":
      optional: true
  conditions: os=linux & cpu=s390x & libc=glibc
  languageName: node
  linkType: hard

"@img/sharp-linux-x64@npm:0.33.5":
  version: 0.33.5
  resolution: "@img/sharp-linux-x64@npm:0.33.5"
  dependencies:
    "@img/sharp-libvips-linux-x64": "npm:1.0.4"
  dependenciesMeta:
    "@img/sharp-libvips-linux-x64":
      optional: true
  conditions: os=linux & cpu=x64 & libc=glibc
  languageName: node
  linkType: hard

"@img/sharp-linuxmusl-arm64@npm:0.33.5":
  version: 0.33.5
  resolution: "@img/sharp-linuxmusl-arm64@npm:0.33.5"
  dependencies:
    "@img/sharp-libvips-linuxmusl-arm64": "npm:1.0.4"
  dependenciesMeta:
    "@img/sharp-libvips-linuxmusl-arm64":
      optional: true
  conditions: os=linux & cpu=arm64 & libc=musl
  languageName: node
  linkType: hard

"@img/sharp-linuxmusl-x64@npm:0.33.5":
  version: 0.33.5
  resolution: "@img/sharp-linuxmusl-x64@npm:0.33.5"
  dependencies:
    "@img/sharp-libvips-linuxmusl-x64": "npm:1.0.4"
  dependenciesMeta:
    "@img/sharp-libvips-linuxmusl-x64":
      optional: true
  conditions: os=linux & cpu=x64 & libc=musl
  languageName: node
  linkType: hard

"@img/sharp-wasm32@npm:0.33.5":
  version: 0.33.5
  resolution: "@img/sharp-wasm32@npm:0.33.5"
  dependencies:
    "@emnapi/runtime": "npm:^1.2.0"
  conditions: cpu=wasm32
  languageName: node
  linkType: hard

"@img/sharp-win32-ia32@npm:0.33.5":
  version: 0.33.5
  resolution: "@img/sharp-win32-ia32@npm:0.33.5"
  conditions: os=win32 & cpu=ia32
  languageName: node
  linkType: hard

"@img/sharp-win32-x64@npm:0.33.5":
  version: 0.33.5
  resolution: "@img/sharp-win32-x64@npm:0.33.5"
  conditions: os=win32 & cpu=x64
  languageName: node
  linkType: hard

"@next/env@npm:15.0.3":
  version: 15.0.3
  resolution: "@next/env@npm:15.0.3"
  checksum: 10/50103908b2eff0517e267217c866eab6b6f532d44c9d0d71b24d2d5476ad5308a1347ab0b81cdfcd9ebda29517f3703a8af5eaf57987a1335411fb599ed1f321
  languageName: node
  linkType: hard

"@next/swc-darwin-arm64@npm:15.0.3":
  version: 15.0.3
  resolution: "@next/swc-darwin-arm64@npm:15.0.3"
  conditions: os=darwin & cpu=arm64
  languageName: node
  linkType: hard

"@next/swc-darwin-x64@npm:15.0.3":
  version: 15.0.3
  resolution: "@next/swc-darwin-x64@npm:15.0.3"
  conditions: os=darwin & cpu=x64
  languageName: node
  linkType: hard

"@next/swc-linux-arm64-gnu@npm:15.0.3":
  version: 15.0.3
  resolution: "@next/swc-linux-arm64-gnu@npm:15.0.3"
  conditions: os=linux & cpu=arm64 & libc=glibc
  languageName: node
  linkType: hard

"@next/swc-linux-arm64-musl@npm:15.0.3":
  version: 15.0.3
  resolution: "@next/swc-linux-arm64-musl@npm:15.0.3"
  conditions: os=linux & cpu=arm64 & libc=musl
  languageName: node
  linkType: hard

"@next/swc-linux-x64-gnu@npm:15.0.3":
  version: 15.0.3
  resolution: "@next/swc-linux-x64-gnu@npm:15.0.3"
  conditions: os=linux & cpu=x64 & libc=glibc
  languageName: node
  linkType: hard

"@next/swc-linux-x64-musl@npm:15.0.3":
  version: 15.0.3
  resolution: "@next/swc-linux-x64-musl@npm:15.0.3"
  conditions: os=linux & cpu=x64 & libc=musl
  languageName: node
  linkType: hard

"@next/swc-win32-arm64-msvc@npm:15.0.3":
  version: 15.0.3
  resolution: "@next/swc-win32-arm64-msvc@npm:15.0.3"
  conditions: os=win32 & cpu=arm64
  languageName: node
  linkType: hard

"@next/swc-win32-x64-msvc@npm:15.0.3":
  version: 15.0.3
  resolution: "@next/swc-win32-x64-msvc@npm:15.0.3"
  conditions: os=win32 & cpu=x64
  languageName: node
  linkType: hard

"@noble/curves@npm:1.6.0, @noble/curves@npm:^1.4.0, @noble/curves@npm:^1.6.0, @noble/curves@npm:~1.6.0":
  version: 1.6.0
  resolution: "@noble/curves@npm:1.6.0"
  dependencies:
    "@noble/hashes": "npm:1.5.0"
  checksum: 10/9090b5a020b7e38c7b6d21506afaacd0c7557129d716a174334c1efc36385bf3ca6de16a543c216db58055e019c6a6c3bea8d9c0b79386e6bacff5c4c6b438a9
  languageName: node
  linkType: hard

"@noble/hashes@npm:1.5.0, @noble/hashes@npm:^1.4.0, @noble/hashes@npm:^1.5.0, @noble/hashes@npm:~1.5.0":
  version: 1.5.0
  resolution: "@noble/hashes@npm:1.5.0"
  checksum: 10/da7fc7af52af7afcf59810a7eea6155075464ff462ffda2572dc6d57d53e2669b1ea2ec774e814f6273f1697e567f28d36823776c9bf7068cba2a2855140f26e
  languageName: node
  linkType: hard

"@scure/base@npm:~1.1.7, @scure/base@npm:~1.1.8":
  version: 1.1.9
  resolution: "@scure/base@npm:1.1.9"
  checksum: 10/f0ab7f687bbcdee2a01377fe3cd808bf63977999672751295b6a92625d5322f4754a96d40f6bd579bc367aad48ecf8a4e6d0390e70296e6ded1076f52adb16bb
  languageName: node
  linkType: hard

"@scure/bip32@npm:1.5.0, @scure/bip32@npm:^1.5.0":
  version: 1.5.0
  resolution: "@scure/bip32@npm:1.5.0"
  dependencies:
    "@noble/curves": "npm:~1.6.0"
    "@noble/hashes": "npm:~1.5.0"
    "@scure/base": "npm:~1.1.7"
  checksum: 10/17e296a782e09aec18ed27e2e8bb6a76072604c40997ec49a6840f223296421612dbe6b44275f04db9acd6da6cefb0322141110f5ac9dc686eb0c44d5bd868fa
  languageName: node
  linkType: hard

"@scure/bip39@npm:1.4.0, @scure/bip39@npm:^1.4.0":
  version: 1.4.0
  resolution: "@scure/bip39@npm:1.4.0"
  dependencies:
    "@noble/hashes": "npm:~1.5.0"
    "@scure/base": "npm:~1.1.8"
  checksum: 10/f86e0e79768c95bc684ed6de92892b1a6f228db0f8fab836f091c0ec0f6d1e291b8c4391cfbeaa9ea83f41045613535b1940cd10e7d780a5b73db163b1e7f151
  languageName: node
  linkType: hard

"@swc/counter@npm:0.1.3":
  version: 0.1.3
  resolution: "@swc/counter@npm:0.1.3"
  checksum: 10/df8f9cfba9904d3d60f511664c70d23bb323b3a0803ec9890f60133954173047ba9bdeabce28cd70ba89ccd3fd6c71c7b0bd58be85f611e1ffbe5d5c18616598
  languageName: node
  linkType: hard

"@swc/helpers@npm:0.5.13":
  version: 0.5.13
  resolution: "@swc/helpers@npm:0.5.13"
  dependencies:
    tslib: "npm:^2.4.0"
  checksum: 10/6ba2f7e215d32d71fce139e2cfc426b3ed7eaa709febdeb07b97260a4c9eea4784cf047cc1271be273990b08220b576b94a42b5780947c0b3be84973a847a24d
  languageName: node
  linkType: hard

"@types/next@npm:^9.0.0":
  version: 9.0.0
  resolution: "@types/next@npm:9.0.0"
  dependencies:
    next: "npm:*"
  checksum: 10/3115931293e1928df5ecd9d0cbf8b9edc9e2d7f67467db468f3d92dac7b44199706dbd4226c33193a7fcd3fe230a1ec2c796a1a585911d40be9fdaf47e8cb16e
  languageName: node
  linkType: hard

"@types/node@npm:^20":
  version: 20.17.6
  resolution: "@types/node@npm:20.17.6"
  dependencies:
    undici-types: "npm:~6.19.2"
  checksum: 10/714b8b54951950cee662ce80492831ebc51f914a9adf88583cea777ea4d55b88827b2505ff2f53d2bb7753691aaab1b06c027a7b5c63eb153ad4acee1239690c
  languageName: node
  linkType: hard

"@types/prop-types@npm:*":
  version: 15.7.13
  resolution: "@types/prop-types@npm:15.7.13"
  checksum: 10/8935cad87c683c665d09a055919d617fe951cb3b2d5c00544e3a913f861a2bd8d2145b51c9aa6d2457d19f3107ab40784c40205e757232f6a80cc8b1c815513c
  languageName: node
  linkType: hard

"@types/react-dom@npm:^18":
  version: 18.3.1
  resolution: "@types/react-dom@npm:18.3.1"
  dependencies:
    "@types/react": "npm:*"
  checksum: 10/33f9ba79b26641ddf00a8699c30066b7e3573ab254e97475bf08f82fab83a6d3ce8d4ebad86afeb49bb8df3374390a9ba93125cece33badc4b3e8f7eac3c84d8
  languageName: node
  linkType: hard

"@types/react@npm:*, @types/react@npm:^18":
  version: 18.3.12
  resolution: "@types/react@npm:18.3.12"
  dependencies:
    "@types/prop-types": "npm:*"
    csstype: "npm:^3.0.2"
  checksum: 10/c9bbdfeacd5347d2240e0d2cb5336bc57dbc1b9ff557b6c4024b49df83419e4955553518169d3736039f1b62608e15b35762a6c03d49bd86e33add4b43b19033
  languageName: node
  linkType: hard

"abitype@npm:1.0.6, abitype@npm:^1.0.6":
  version: 1.0.6
  resolution: "abitype@npm:1.0.6"
  peerDependencies:
    typescript: ">=5.0.4"
    zod: ^3 >=3.22.0
  peerDependenciesMeta:
    typescript:
      optional: true
    zod:
      optional: true
  checksum: 10/d04d58f90405c29a3c68353508502d7e870feb27418a6281ba9a13e6aaee42c26b2c5f08f648f058b8eaffac32927194b33f396d2451d18afeccfb654c7285c2
  languageName: node
  linkType: hard

"ansi-regex@npm:^5.0.1":
  version: 5.0.1
  resolution: "ansi-regex@npm:5.0.1"
  checksum: 10/2aa4bb54caf2d622f1afdad09441695af2a83aa3fe8b8afa581d205e57ed4261c183c4d3877cee25794443fde5876417d859c108078ab788d6af7e4fe52eb66b
  languageName: node
  linkType: hard

"ansi-styles@npm:^4.0.0":
  version: 4.3.0
  resolution: "ansi-styles@npm:4.3.0"
  dependencies:
    color-convert: "npm:^2.0.1"
  checksum: 10/b4494dfbfc7e4591b4711a396bd27e540f8153914123dccb4cdbbcb514015ada63a3809f362b9d8d4f6b17a706f1d7bea3c6f974b15fa5ae76b5b502070889ff
  languageName: node
  linkType: hard

"busboy@npm:1.6.0":
  version: 1.6.0
  resolution: "busboy@npm:1.6.0"
  dependencies:
    streamsearch: "npm:^1.1.0"
  checksum: 10/bee10fa10ea58e7e3e7489ffe4bda6eacd540a17de9f9cd21cc37e297b2dd9fe52b2715a5841afaec82900750d810d01d7edb4b2d456427f449b92b417579763
  languageName: node
  linkType: hard

"camelcase@npm:^5.0.0":
  version: 5.3.1
  resolution: "camelcase@npm:5.3.1"
  checksum: 10/e6effce26b9404e3c0f301498184f243811c30dfe6d0b9051863bd8e4034d09c8c2923794f280d6827e5aa055f6c434115ff97864a16a963366fb35fd673024b
  languageName: node
  linkType: hard

"caniuse-lite@npm:^1.0.30001579":
  version: 1.0.30001683
  resolution: "caniuse-lite@npm:1.0.30001683"
  checksum: 10/ea3be90bfdd52e5ca68e191e9d10e9399f1502922b3e1e912396bcdc3339f3c6e00941bcca6e889e9194087b25995e06c93bc5e363f34e20046530fc792ce45a
  languageName: node
  linkType: hard

"client-only@npm:0.0.1":
  version: 0.0.1
  resolution: "client-only@npm:0.0.1"
  checksum: 10/0c16bf660dadb90610553c1d8946a7fdfb81d624adea073b8440b7d795d5b5b08beb3c950c6a2cf16279365a3265158a236876d92bce16423c485c322d7dfaf8
  languageName: node
  linkType: hard

"cliui@npm:^6.0.0":
  version: 6.0.0
  resolution: "cliui@npm:6.0.0"
  dependencies:
    string-width: "npm:^4.2.0"
    strip-ansi: "npm:^6.0.0"
    wrap-ansi: "npm:^6.2.0"
  checksum: 10/44afbcc29df0899e87595590792a871cd8c4bc7d6ce92832d9ae268d141a77022adafca1aeaeccff618b62a613b8354e57fe22a275c199ec04baf00d381ef6ab
  languageName: node
  linkType: hard

"color-convert@npm:^2.0.1":
  version: 2.0.1
  resolution: "color-convert@npm:2.0.1"
  dependencies:
    color-name: "npm:~1.1.4"
  checksum: 10/fa00c91b4332b294de06b443923246bccebe9fab1b253f7fe1772d37b06a2269b4039a85e309abe1fe11b267b11c08d1d0473fda3badd6167f57313af2887a64
  languageName: node
  linkType: hard

"color-name@npm:^1.0.0, color-name@npm:~1.1.4":
  version: 1.1.4
  resolution: "color-name@npm:1.1.4"
  checksum: 10/b0445859521eb4021cd0fb0cc1a75cecf67fceecae89b63f62b201cca8d345baf8b952c966862a9d9a2632987d4f6581f0ec8d957dfacece86f0a7919316f610
  languageName: node
  linkType: hard

"color-string@npm:^1.9.0":
  version: 1.9.1
  resolution: "color-string@npm:1.9.1"
  dependencies:
    color-name: "npm:^1.0.0"
    simple-swizzle: "npm:^0.2.2"
  checksum: 10/72aa0b81ee71b3f4fb1ac9cd839cdbd7a011a7d318ef58e6cb13b3708dca75c7e45029697260488709f1b1c7ac4e35489a87e528156c1e365917d1c4ccb9b9cd
  languageName: node
  linkType: hard

"color@npm:^4.2.3":
  version: 4.2.3
  resolution: "color@npm:4.2.3"
  dependencies:
    color-convert: "npm:^2.0.1"
    color-string: "npm:^1.9.0"
  checksum: 10/b23f5e500a79ea22428db43d1a70642d983405c0dd1f95ef59dbdb9ba66afbb4773b334fa0b75bb10b0552fd7534c6b28d4db0a8b528f91975976e70973c0152
  languageName: node
  linkType: hard

"csstype@npm:^3.0.2":
  version: 3.1.3
  resolution: "csstype@npm:3.1.3"
  checksum: 10/f593cce41ff5ade23f44e77521e3a1bcc2c64107041e1bf6c3c32adc5187d0d60983292fda326154d20b01079e24931aa5b08e4467cc488b60bb1e7f6d478ade
  languageName: node
  linkType: hard

"decamelize@npm:^1.2.0":
  version: 1.2.0
  resolution: "decamelize@npm:1.2.0"
  checksum: 10/ad8c51a7e7e0720c70ec2eeb1163b66da03e7616d7b98c9ef43cce2416395e84c1e9548dd94f5f6ffecfee9f8b94251fc57121a8b021f2ff2469b2bae247b8aa
  languageName: node
  linkType: hard

"detect-libc@npm:^2.0.3":
  version: 2.0.3
  resolution: "detect-libc@npm:2.0.3"
  checksum: 10/b4ea018d623e077bd395f168a9e81db77370dde36a5b01d067f2ad7989924a81d31cb547ff764acb2aa25d50bb7fdde0b0a93bec02212b0cb430621623246d39
  languageName: node
  linkType: hard

"dijkstrajs@npm:^1.0.1":
  version: 1.0.3
  resolution: "dijkstrajs@npm:1.0.3"
  checksum: 10/0d8429699a6d5897ed371de494ef3c7072e8052b42abbd978e686a9b8689e70af005fa3e93e93263ee3653673ff5f89c36db830a57ae7c2e088cb9c496307507
  languageName: node
  linkType: hard

"emoji-regex@npm:^8.0.0":
  version: 8.0.0
  resolution: "emoji-regex@npm:8.0.0"
  checksum: 10/c72d67a6821be15ec11997877c437491c313d924306b8da5d87d2a2bcc2cec9903cb5b04ee1a088460501d8e5b44f10df82fdc93c444101a7610b80c8b6938e1
  languageName: node
  linkType: hard

"eventemitter3@npm:5.0.1":
  version: 5.0.1
  resolution: "eventemitter3@npm:5.0.1"
  checksum: 10/ac6423ec31124629c84c7077eed1e6987f6d66c31cf43c6fcbf6c87791d56317ce808d9ead483652436df171b526fc7220eccdc9f3225df334e81582c3cf7dd5
  languageName: node
  linkType: hard

"find-up@npm:^4.1.0":
  version: 4.1.0
  resolution: "find-up@npm:4.1.0"
  dependencies:
    locate-path: "npm:^5.0.0"
    path-exists: "npm:^4.0.0"
  checksum: 10/4c172680e8f8c1f78839486e14a43ef82e9decd0e74145f40707cc42e7420506d5ec92d9a11c22bd2c48fb0c384ea05dd30e10dd152fefeec6f2f75282a8b844
  languageName: node
  linkType: hard

"framekit@workspace:.":
  version: 0.0.0-use.local
  resolution: "framekit@workspace:."
  dependencies:
    "@types/next": "npm:^9.0.0"
    "@types/node": "npm:^20"
    "@types/react": "npm:^18"
    "@types/react-dom": "npm:^18"
    next: "npm:^15.0.3"
    qrcode: "npm:^1.5.4"
    qrcode.react: "npm:^4.1.0"
    react: "npm:^18.2.0"
    react-dom: "npm:^18.2.0"
    typescript: "npm:^5"
    viem: "npm:^2.21.45"
  languageName: unknown
  linkType: soft

"get-caller-file@npm:^2.0.1":
  version: 2.0.5
  resolution: "get-caller-file@npm:2.0.5"
  checksum: 10/b9769a836d2a98c3ee734a88ba712e62703f1df31b94b784762c433c27a386dd6029ff55c2a920c392e33657d80191edbf18c61487e198844844516f843496b9
  languageName: node
  linkType: hard

"is-arrayish@npm:^0.3.1":
  version: 0.3.2
  resolution: "is-arrayish@npm:0.3.2"
  checksum: 10/81a78d518ebd8b834523e25d102684ee0f7e98637136d3bdc93fd09636350fa06f1d8ca997ea28143d4d13cb1b69c0824f082db0ac13e1ab3311c10ffea60ade
  languageName: node
  linkType: hard

"is-fullwidth-code-point@npm:^3.0.0":
  version: 3.0.0
  resolution: "is-fullwidth-code-point@npm:3.0.0"
  checksum: 10/44a30c29457c7fb8f00297bce733f0a64cd22eca270f83e58c105e0d015e45c019491a4ab2faef91ab51d4738c670daff901c799f6a700e27f7314029e99e348
  languageName: node
  linkType: hard

"isows@npm:1.0.6":
  version: 1.0.6
  resolution: "isows@npm:1.0.6"
  peerDependencies:
    ws: "*"
  checksum: 10/ab9e85b50bcc3d70aa5ec875aa2746c5daf9321cb376ed4e5434d3c2643c5d62b1f466d93a05cd2ad0ead5297224922748c31707cb4fbd68f5d05d0479dce99c
  languageName: node
  linkType: hard

"js-tokens@npm:^3.0.0 || ^4.0.0":
  version: 4.0.0
  resolution: "js-tokens@npm:4.0.0"
  checksum: 10/af37d0d913fb56aec6dc0074c163cc71cd23c0b8aad5c2350747b6721d37ba118af35abdd8b33c47ec2800de07dedb16a527ca9c530ee004093e04958bd0cbf2
  languageName: node
  linkType: hard

"locate-path@npm:^5.0.0":
  version: 5.0.0
  resolution: "locate-path@npm:5.0.0"
  dependencies:
    p-locate: "npm:^4.1.0"
  checksum: 10/83e51725e67517287d73e1ded92b28602e3ae5580b301fe54bfb76c0c723e3f285b19252e375712316774cf52006cb236aed5704692c32db0d5d089b69696e30
  languageName: node
  linkType: hard

"loose-envify@npm:^1.1.0":
  version: 1.4.0
  resolution: "loose-envify@npm:1.4.0"
  dependencies:
    js-tokens: "npm:^3.0.0 || ^4.0.0"
  bin:
    loose-envify: cli.js
  checksum: 10/6517e24e0cad87ec9888f500c5b5947032cdfe6ef65e1c1936a0c48a524b81e65542c9c3edc91c97d5bddc806ee2a985dbc79be89215d613b1de5db6d1cfe6f4
  languageName: node
  linkType: hard

"nanoid@npm:^3.3.6":
  version: 3.3.7
  resolution: "nanoid@npm:3.3.7"
  bin:
    nanoid: bin/nanoid.cjs
  checksum: 10/ac1eb60f615b272bccb0e2b9cd933720dad30bf9708424f691b8113826bb91aca7e9d14ef5d9415a6ba15c266b37817256f58d8ce980c82b0ba3185352565679
  languageName: node
  linkType: hard

"next@npm:*, next@npm:^15.0.3":
  version: 15.0.3
  resolution: "next@npm:15.0.3"
  dependencies:
    "@next/env": "npm:15.0.3"
    "@next/swc-darwin-arm64": "npm:15.0.3"
    "@next/swc-darwin-x64": "npm:15.0.3"
    "@next/swc-linux-arm64-gnu": "npm:15.0.3"
    "@next/swc-linux-arm64-musl": "npm:15.0.3"
    "@next/swc-linux-x64-gnu": "npm:15.0.3"
    "@next/swc-linux-x64-musl": "npm:15.0.3"
    "@next/swc-win32-arm64-msvc": "npm:15.0.3"
    "@next/swc-win32-x64-msvc": "npm:15.0.3"
    "@swc/counter": "npm:0.1.3"
    "@swc/helpers": "npm:0.5.13"
    busboy: "npm:1.6.0"
    caniuse-lite: "npm:^1.0.30001579"
    postcss: "npm:8.4.31"
    sharp: "npm:^0.33.5"
    styled-jsx: "npm:5.1.6"
  peerDependencies:
    "@opentelemetry/api": ^1.1.0
    "@playwright/test": ^1.41.2
    babel-plugin-react-compiler: "*"
    react: ^18.2.0 || 19.0.0-rc-66855b96-20241106
    react-dom: ^18.2.0 || 19.0.0-rc-66855b96-20241106
    sass: ^1.3.0
  dependenciesMeta:
    "@next/swc-darwin-arm64":
      optional: true
    "@next/swc-darwin-x64":
      optional: true
    "@next/swc-linux-arm64-gnu":
      optional: true
    "@next/swc-linux-arm64-musl":
      optional: true
    "@next/swc-linux-x64-gnu":
      optional: true
    "@next/swc-linux-x64-musl":
      optional: true
    "@next/swc-win32-arm64-msvc":
      optional: true
    "@next/swc-win32-x64-msvc":
      optional: true
    sharp:
      optional: true
  peerDependenciesMeta:
    "@opentelemetry/api":
      optional: true
    "@playwright/test":
      optional: true
    babel-plugin-react-compiler:
      optional: true
    sass:
      optional: true
  bin:
    next: dist/bin/next
  checksum: 10/d7044b22cd0724970464e88c51adc584d6252ccacff61b7c60dc3f248cca7227daa5a7265c2cc5ee1e19646ed51d1398c7c8d97c2a424cc1c951dddf7bb6b16e
  languageName: node
  linkType: hard

"ox@npm:0.1.2":
  version: 0.1.2
  resolution: "ox@npm:0.1.2"
  dependencies:
    "@adraffy/ens-normalize": "npm:^1.10.1"
    "@noble/curves": "npm:^1.6.0"
    "@noble/hashes": "npm:^1.5.0"
    "@scure/bip32": "npm:^1.5.0"
    "@scure/bip39": "npm:^1.4.0"
    abitype: "npm:^1.0.6"
    eventemitter3: "npm:5.0.1"
  peerDependencies:
    typescript: ">=5.4.0"
  peerDependenciesMeta:
    typescript:
      optional: true
  checksum: 10/cba00f13289599ff03cee3dbc19167c1d0f01829379d119f962b4e951ee2bf0d14491c7a45974e6a2a745117b13b22e9e4131d285e1f5247ea4e1cbc43c5c3d8
  languageName: node
  linkType: hard

"p-limit@npm:^2.2.0":
  version: 2.3.0
  resolution: "p-limit@npm:2.3.0"
  dependencies:
    p-try: "npm:^2.0.0"
  checksum: 10/84ff17f1a38126c3314e91ecfe56aecbf36430940e2873dadaa773ffe072dc23b7af8e46d4b6485d302a11673fe94c6b67ca2cfbb60c989848b02100d0594ac1
  languageName: node
  linkType: hard

"p-locate@npm:^4.1.0":
  version: 4.1.0
  resolution: "p-locate@npm:4.1.0"
  dependencies:
    p-limit: "npm:^2.2.0"
  checksum: 10/513bd14a455f5da4ebfcb819ef706c54adb09097703de6aeaa5d26fe5ea16df92b48d1ac45e01e3944ce1e6aa2a66f7f8894742b8c9d6e276e16cd2049a2b870
  languageName: node
  linkType: hard

"p-try@npm:^2.0.0":
  version: 2.2.0
  resolution: "p-try@npm:2.2.0"
  checksum: 10/f8a8e9a7693659383f06aec604ad5ead237c7a261c18048a6e1b5b85a5f8a067e469aa24f5bc009b991ea3b058a87f5065ef4176793a200d4917349881216cae
  languageName: node
  linkType: hard

"path-exists@npm:^4.0.0":
  version: 4.0.0
  resolution: "path-exists@npm:4.0.0"
  checksum: 10/505807199dfb7c50737b057dd8d351b82c033029ab94cb10a657609e00c1bc53b951cfdbccab8de04c5584d5eff31128ce6afd3db79281874a5ef2adbba55ed1
  languageName: node
  linkType: hard

"picocolors@npm:^1.0.0":
  version: 1.1.1
  resolution: "picocolors@npm:1.1.1"
  checksum: 10/e1cf46bf84886c79055fdfa9dcb3e4711ad259949e3565154b004b260cd356c5d54b31a1437ce9782624bf766272fe6b0154f5f0c744fb7af5d454d2b60db045
  languageName: node
  linkType: hard

"pngjs@npm:^5.0.0":
  version: 5.0.0
  resolution: "pngjs@npm:5.0.0"
  checksum: 10/345781644740779752505af2fea3e9043f6c7cc349b18e1fb8842796360d1624791f0c24d33c0f27b05658373f90ffaa177a849e932e5fea1f540cef3975f3c9
  languageName: node
  linkType: hard

"postcss@npm:8.4.31":
  version: 8.4.31
  resolution: "postcss@npm:8.4.31"
  dependencies:
    nanoid: "npm:^3.3.6"
    picocolors: "npm:^1.0.0"
    source-map-js: "npm:^1.0.2"
  checksum: 10/1a6653e72105907377f9d4f2cd341d8d90e3fde823a5ddea1e2237aaa56933ea07853f0f2758c28892a1d70c53bbaca200eb8b80f8ed55f13093003dbec5afa0
  languageName: node
  linkType: hard

"qrcode.react@npm:^4.1.0":
  version: 4.1.0
  resolution: "qrcode.react@npm:4.1.0"
  peerDependencies:
    react: ^16.8.0 || ^17.0.0 || ^18.0.0
  checksum: 10/e2333cb833a366d382cc9128aac429733676caab044ec9d8b2391b7da92adabb536a604ae9b7726bba6a90240dc618f7002af2d9d941012f0884361c6adbea96
  languageName: node
  linkType: hard

"qrcode@npm:^1.5.4":
  version: 1.5.4
  resolution: "qrcode@npm:1.5.4"
  dependencies:
    dijkstrajs: "npm:^1.0.1"
    pngjs: "npm:^5.0.0"
    yargs: "npm:^15.3.1"
  bin:
    qrcode: bin/qrcode
  checksum: 10/9a1b61760e4ea334545a0f54bbc11c537aba0a17cf52cab9fa1b07f8a1337eed0bc6f7fde41b197f2c82c249bc48728983bfaf861bb7ecb29dc597b2ae33c424
  languageName: node
  linkType: hard

"react-dom@npm:^18.2.0":
  version: 18.3.1
  resolution: "react-dom@npm:18.3.1"
  dependencies:
    loose-envify: "npm:^1.1.0"
    scheduler: "npm:^0.23.2"
  peerDependencies:
    react: ^18.3.1
  checksum: 10/3f4b73a3aa083091173b29812b10394dd06f4ac06aff410b74702cfb3aa29d7b0ced208aab92d5272919b612e5cda21aeb1d54191848cf6e46e9e354f3541f81
  languageName: node
  linkType: hard

"react@npm:^18.2.0":
  version: 18.3.1
  resolution: "react@npm:18.3.1"
  dependencies:
    loose-envify: "npm:^1.1.0"
  checksum: 10/261137d3f3993eaa2368a83110466fc0e558bc2c7f7ae7ca52d94f03aac945f45146bd85e5f481044db1758a1dbb57879e2fcdd33924e2dde1bdc550ce73f7bf
  languageName: node
  linkType: hard

"require-directory@npm:^2.1.1":
  version: 2.1.1
  resolution: "require-directory@npm:2.1.1"
  checksum: 10/a72468e2589270d91f06c7d36ec97a88db53ae5d6fe3787fadc943f0b0276b10347f89b363b2a82285f650bdcc135ad4a257c61bdd4d00d6df1fa24875b0ddaf
  languageName: node
  linkType: hard

"require-main-filename@npm:^2.0.0":
  version: 2.0.0
  resolution: "require-main-filename@npm:2.0.0"
  checksum: 10/8604a570c06a69c9d939275becc33a65676529e1c3e5a9f42d58471674df79357872b96d70bb93a0380a62d60dc9031c98b1a9dad98c946ffdd61b7ac0c8cedd
  languageName: node
  linkType: hard

"scheduler@npm:^0.23.2":
  version: 0.23.2
  resolution: "scheduler@npm:0.23.2"
  dependencies:
    loose-envify: "npm:^1.1.0"
  checksum: 10/e8d68b89d18d5b028223edf090092846868a765a591944760942b77ea1f69b17235f7e956696efbb62c8130ab90af7e0949bfb8eba7896335507317236966bc9
  languageName: node
  linkType: hard

"semver@npm:^7.6.3":
  version: 7.6.3
  resolution: "semver@npm:7.6.3"
  bin:
    semver: bin/semver.js
  checksum: 10/36b1fbe1a2b6f873559cd57b238f1094a053dbfd997ceeb8757d79d1d2089c56d1321b9f1069ce263dc64cfa922fa1d2ad566b39426fe1ac6c723c1487589e10
  languageName: node
  linkType: hard

"set-blocking@npm:^2.0.0":
  version: 2.0.0
  resolution: "set-blocking@npm:2.0.0"
  checksum: 10/8980ebf7ae9eb945bb036b6e283c547ee783a1ad557a82babf758a065e2fb6ea337fd82cac30dd565c1e606e423f30024a19fff7afbf4977d784720c4026a8ef
  languageName: node
  linkType: hard

"sharp@npm:^0.33.5":
  version: 0.33.5
  resolution: "sharp@npm:0.33.5"
  dependencies:
    "@img/sharp-darwin-arm64": "npm:0.33.5"
    "@img/sharp-darwin-x64": "npm:0.33.5"
    "@img/sharp-libvips-darwin-arm64": "npm:1.0.4"
    "@img/sharp-libvips-darwin-x64": "npm:1.0.4"
    "@img/sharp-libvips-linux-arm": "npm:1.0.5"
    "@img/sharp-libvips-linux-arm64": "npm:1.0.4"
    "@img/sharp-libvips-linux-s390x": "npm:1.0.4"
    "@img/sharp-libvips-linux-x64": "npm:1.0.4"
    "@img/sharp-libvips-linuxmusl-arm64": "npm:1.0.4"
    "@img/sharp-libvips-linuxmusl-x64": "npm:1.0.4"
    "@img/sharp-linux-arm": "npm:0.33.5"
    "@img/sharp-linux-arm64": "npm:0.33.5"
    "@img/sharp-linux-s390x": "npm:0.33.5"
    "@img/sharp-linux-x64": "npm:0.33.5"
    "@img/sharp-linuxmusl-arm64": "npm:0.33.5"
    "@img/sharp-linuxmusl-x64": "npm:0.33.5"
    "@img/sharp-wasm32": "npm:0.33.5"
    "@img/sharp-win32-ia32": "npm:0.33.5"
    "@img/sharp-win32-x64": "npm:0.33.5"
    color: "npm:^4.2.3"
    detect-libc: "npm:^2.0.3"
    semver: "npm:^7.6.3"
  dependenciesMeta:
    "@img/sharp-darwin-arm64":
      optional: true
    "@img/sharp-darwin-x64":
      optional: true
    "@img/sharp-libvips-darwin-arm64":
      optional: true
    "@img/sharp-libvips-darwin-x64":
      optional: true
    "@img/sharp-libvips-linux-arm":
      optional: true
    "@img/sharp-libvips-linux-arm64":
      optional: true
    "@img/sharp-libvips-linux-s390x":
      optional: true
    "@img/sharp-libvips-linux-x64":
      optional: true
    "@img/sharp-libvips-linuxmusl-arm64":
      optional: true
    "@img/sharp-libvips-linuxmusl-x64":
      optional: true
    "@img/sharp-linux-arm":
      optional: true
    "@img/sharp-linux-arm64":
      optional: true
    "@img/sharp-linux-s390x":
      optional: true
    "@img/sharp-linux-x64":
      optional: true
    "@img/sharp-linuxmusl-arm64":
      optional: true
    "@img/sharp-linuxmusl-x64":
      optional: true
    "@img/sharp-wasm32":
      optional: true
    "@img/sharp-win32-ia32":
      optional: true
    "@img/sharp-win32-x64":
      optional: true
  checksum: 10/9f153578cb02735359cbcc874f52b56b8074ed997498c35255c7099d4f4f506f6ddf83a437a55242c7ad4f979336660504b6c78e29d6933f4981dedbdae5ce09
  languageName: node
  linkType: hard

"simple-swizzle@npm:^0.2.2":
  version: 0.2.2
  resolution: "simple-swizzle@npm:0.2.2"
  dependencies:
    is-arrayish: "npm:^0.3.1"
  checksum: 10/c6dffff17aaa383dae7e5c056fbf10cf9855a9f79949f20ee225c04f06ddde56323600e0f3d6797e82d08d006e93761122527438ee9531620031c08c9e0d73cc
  languageName: node
  linkType: hard

"source-map-js@npm:^1.0.2":
  version: 1.2.1
  resolution: "source-map-js@npm:1.2.1"
  checksum: 10/ff9d8c8bf096d534a5b7707e0382ef827b4dd360a577d3f34d2b9f48e12c9d230b5747974ee7c607f0df65113732711bb701fe9ece3c7edbd43cb2294d707df3
  languageName: node
  linkType: hard

"streamsearch@npm:^1.1.0":
  version: 1.1.0
  resolution: "streamsearch@npm:1.1.0"
  checksum: 10/612c2b2a7dbcc859f74597112f80a42cbe4d448d03da790d5b7b39673c1197dd3789e91cd67210353e58857395d32c1e955a9041c4e6d5bae723436b3ed9ed14
  languageName: node
  linkType: hard

"string-width@npm:^4.1.0, string-width@npm:^4.2.0":
  version: 4.2.3
  resolution: "string-width@npm:4.2.3"
  dependencies:
    emoji-regex: "npm:^8.0.0"
    is-fullwidth-code-point: "npm:^3.0.0"
    strip-ansi: "npm:^6.0.1"
  checksum: 10/e52c10dc3fbfcd6c3a15f159f54a90024241d0f149cf8aed2982a2d801d2e64df0bf1dc351cf8e95c3319323f9f220c16e740b06faecd53e2462df1d2b5443fb
  languageName: node
  linkType: hard

"strip-ansi@npm:^6.0.0, strip-ansi@npm:^6.0.1":
  version: 6.0.1
  resolution: "strip-ansi@npm:6.0.1"
  dependencies:
    ansi-regex: "npm:^5.0.1"
  checksum: 10/ae3b5436d34fadeb6096367626ce987057713c566e1e7768818797e00ac5d62023d0f198c4e681eae9e20701721980b26a64a8f5b91238869592a9c6800719a2
  languageName: node
  linkType: hard

"styled-jsx@npm:5.1.6":
  version: 5.1.6
  resolution: "styled-jsx@npm:5.1.6"
  dependencies:
    client-only: "npm:0.0.1"
  peerDependencies:
    react: ">= 16.8.0 || 17.x.x || ^18.0.0-0 || ^19.0.0-0"
  peerDependenciesMeta:
    "@babel/core":
      optional: true
    babel-plugin-macros:
      optional: true
  checksum: 10/ba01200e8227fe1441a719c2e7da96c8aa7ef61d14211d1500e1abce12efa118479bcb6e7e12beecb9e1db76432caad2f4e01bbc0c9be21c134b088a4ca5ffe0
  languageName: node
  linkType: hard

"tslib@npm:^2.4.0":
  version: 2.8.1
  resolution: "tslib@npm:2.8.1"
  checksum: 10/3e2e043d5c2316461cb54e5c7fe02c30ef6dccb3384717ca22ae5c6b5bc95232a6241df19c622d9c73b809bea33b187f6dbc73030963e29950c2141bc32a79f7
  languageName: node
  linkType: hard

"typescript@npm:^5":
  version: 5.6.3
  resolution: "typescript@npm:5.6.3"
  bin:
    tsc: bin/tsc
    tsserver: bin/tsserver
  checksum: 10/c328e418e124b500908781d9f7b9b93cf08b66bf5936d94332b463822eea2f4e62973bfb3b8a745fdc038785cb66cf59d1092bac3ec2ac6a3e5854687f7833f1
  languageName: node
  linkType: hard

"typescript@patch:typescript@npm%3A^5#optional!builtin<compat/typescript>":
  version: 5.6.3
  resolution: "typescript@patch:typescript@npm%3A5.6.3#optional!builtin<compat/typescript>::version=5.6.3&hash=8c6c40"
  bin:
    tsc: bin/tsc
    tsserver: bin/tsserver
  checksum: 10/00504c01ee42d470c23495426af07512e25e6546bce7e24572e72a9ca2e6b2e9bea63de4286c3cfea644874da1467dcfca23f4f98f7caf20f8b03c0213bb6837
  languageName: node
  linkType: hard

"undici-types@npm:~6.19.2":
  version: 6.19.8
  resolution: "undici-types@npm:6.19.8"
  checksum: 10/cf0b48ed4fc99baf56584afa91aaffa5010c268b8842f62e02f752df209e3dea138b372a60a963b3b2576ed932f32329ce7ddb9cb5f27a6c83040d8cd74b7a70
  languageName: node
  linkType: hard

"viem@npm:^2.21.45":
  version: 2.21.48
  resolution: "viem@npm:2.21.48"
  dependencies:
    "@noble/curves": "npm:1.6.0"
    "@noble/hashes": "npm:1.5.0"
    "@scure/bip32": "npm:1.5.0"
    "@scure/bip39": "npm:1.4.0"
    abitype: "npm:1.0.6"
    isows: "npm:1.0.6"
    ox: "npm:0.1.2"
    webauthn-p256: "npm:0.0.10"
    ws: "npm:8.18.0"
  peerDependencies:
    typescript: ">=5.0.4"
  peerDependenciesMeta:
    typescript:
      optional: true
  checksum: 10/160fcd88585137426402286b35d5be3021e8a74b97199936bd4fdb3d1ac93fd624fede1141c4266896901a4eca45e796b0bc54d71dfcbb1cfc5b26764d3cc951
  languageName: node
  linkType: hard

"webauthn-p256@npm:0.0.10":
  version: 0.0.10
  resolution: "webauthn-p256@npm:0.0.10"
  dependencies:
    "@noble/curves": "npm:^1.4.0"
    "@noble/hashes": "npm:^1.4.0"
  checksum: 10/dde2b6313b6a0f20996f7ee90181258fc7685bfff401df7d904578da75b374f25d5b9c1189cd2fcec30625b1f276b393188d156d49783f0611623cd713bb5b09
  languageName: node
  linkType: hard

"which-module@npm:^2.0.0":
  version: 2.0.1
  resolution: "which-module@npm:2.0.1"
  checksum: 10/1967b7ce17a2485544a4fdd9063599f0f773959cca24176dbe8f405e55472d748b7c549cd7920ff6abb8f1ab7db0b0f1b36de1a21c57a8ff741f4f1e792c52be
  languageName: node
  linkType: hard

"wrap-ansi@npm:^6.2.0":
  version: 6.2.0
  resolution: "wrap-ansi@npm:6.2.0"
  dependencies:
    ansi-styles: "npm:^4.0.0"
    string-width: "npm:^4.1.0"
    strip-ansi: "npm:^6.0.0"
  checksum: 10/0d64f2d438e0b555e693b95aee7b2689a12c3be5ac458192a1ce28f542a6e9e59ddfecc37520910c2c88eb1f82a5411260566dba5064e8f9895e76e169e76187
  languageName: node
  linkType: hard

"ws@npm:8.18.0":
  version: 8.18.0
  resolution: "ws@npm:8.18.0"
  peerDependencies:
    bufferutil: ^4.0.1
    utf-8-validate: ">=5.0.2"
  peerDependenciesMeta:
    bufferutil:
      optional: true
    utf-8-validate:
      optional: true
  checksum: 10/70dfe53f23ff4368d46e4c0b1d4ca734db2c4149c6f68bc62cb16fc21f753c47b35fcc6e582f3bdfba0eaeb1c488cddab3c2255755a5c3eecb251431e42b3ff6
  languageName: node
  linkType: hard

"y18n@npm:^4.0.0":
  version: 4.0.3
  resolution: "y18n@npm:4.0.3"
  checksum: 10/392870b2a100bbc643bc035fe3a89cef5591b719c7bdc8721bcdb3d27ab39fa4870acdca67b0ee096e146d769f311d68eda6b8195a6d970f227795061923013f
  languageName: node
  linkType: hard

"yargs-parser@npm:^18.1.2":
  version: 18.1.3
  resolution: "yargs-parser@npm:18.1.3"
  dependencies:
    camelcase: "npm:^5.0.0"
    decamelize: "npm:^1.2.0"
  checksum: 10/235bcbad5b7ca13e5abc54df61d42f230857c6f83223a38e4ed7b824681875b7f8b6ed52139d88a3ad007050f28dc0324b3c805deac7db22ae3b4815dae0e1bf
  languageName: node
  linkType: hard

"yargs@npm:^15.3.1":
  version: 15.4.1
  resolution: "yargs@npm:15.4.1"
  dependencies:
    cliui: "npm:^6.0.0"
    decamelize: "npm:^1.2.0"
    find-up: "npm:^4.1.0"
    get-caller-file: "npm:^2.0.1"
    require-directory: "npm:^2.1.1"
    require-main-filename: "npm:^2.0.0"
    set-blocking: "npm:^2.0.0"
    string-width: "npm:^4.2.0"
    which-module: "npm:^2.0.0"
    y18n: "npm:^4.0.0"
    yargs-parser: "npm:^18.1.2"
  checksum: 10/bbcc82222996c0982905b668644ca363eebe6ffd6a572fbb52f0c0e8146661d8ce5af2a7df546968779bb03d1e4186f3ad3d55dfaadd1c4f0d5187c0e3a5ba16
  languageName: node
  linkType: hard
